
Microsoft Visual Studio Solution File, Format Version 12.00
# Visual Studio Version 16
VisualStudioVersion = 16.0.30907.101
MinimumVisualStudioVersion = 10.0.40219.1
Project("{8BC9CEB8-8B4A-11D0-8D11-00A0C91BC942}") = "KnockOut", "KnockOut\KnockOut.vcxproj", "{57E45AA8-9190-475A-B042-64EAD528E427}"
EndProject
Project("{54435603-DBB4-11D2-8724-00A0C9A8B90C}") = "KnockOut Setup", "KnockOut Setup\KnockOut Setup.vdproj", "{656F3742-07DA-42CF-A326-5A0ECD7EE0CB}"
EndProject
Global
	GlobalSection(SolutionConfigurationPlatforms) = preSolution
		Debug|x64 = Debug|x64
		Debug|x86 = Debug|x86
		Release|x64 = Release|x64
		Release|x86 = Release|x86
	EndGlobalSection
	GlobalSection(ProjectConfigurationPlatforms) = postSolution
		{57E45AA8-9190-475A-B042-64EAD528E427}.Debug|x64.ActiveCfg = Debug|x64
		{57E45AA8-9190-475A-B042-64EAD528E427}.Debug|x64.Build.0 = Debug|x64
		{57E45AA8-9190-475A-B042-64EAD528E427}.Debug|x86.ActiveCfg = Debug|Win32
		{57E45AA8-9190-475A-B042-64EAD528E427}.Debug|x86.Build.0 = Debug|Win32
		{57E45AA8-9190-475A-B042-64EAD528E427}.Release|x64.ActiveCfg = Release|x64
		{57E45AA8-9190-475A-B042-64EAD528E427}.Release|x64.Build.0 = Release|x64
		{57E45AA8-9190-475A-B042-64EAD528E427}.Release|x86.ActiveCfg = Release|Win32
		{57E45AA8-9190-475A-B042-64EAD528E427}.Release|x86.Build.0 = Release|Win32
		{656F3742-07DA-42CF-A326-5A0ECD7EE0CB}.Debug|x64.ActiveCfg = Debug
		{656F3742-07DA-42CF-A326-5A0ECD7EE0CB}.Debug|x86.ActiveCfg = Debug
		{656F3742-07DA-42CF-A326-5A0ECD7EE0CB}.Release|x64.ActiveCfg = Release
		{656F3742-07DA-42CF-A326-5A0ECD7EE0CB}.Release|x86.ActiveCfg = Release
	EndGlobalSection
	GlobalSection(SolutionProperties) = preSolution
		HideSolutionNode = FALSE
	EndGlobalSection
	GlobalSection(ExtensibilityGlobals) = postSolution
		SolutionGuid = {FDCEEC89-5DD5-4852-90E8-997B6B2D9FD6}
	EndGlobalSection
EndGlobal
